
Microsoft Visual Studio Solution File, Format Version 12.00
# Visual Studio 15
VisualStudioVersion = 15.0.27703.2035
MinimumVisualStudioVersion = 10.0.40219.1
Project("{FAE04EC0-301F-11D3-BF4B-00C04F79EFBC}") = "WindowsService1", "WindowsService1\WindowsService1.csproj", "{72E39CF8-CBF3-4717-A2B5-268E5878F1D5}"
EndProject
Global
	GlobalSection(SolutionConfigurationPlatforms) = preSolution
		Debug|Any CPU = Debug|Any CPU
		Release|Any CPU = Release|Any CPU
	EndGlobalSection
	GlobalSection(ProjectConfigurationPlatforms) = postSolution
		{72E39CF8-CBF3-4717-A2B5-268E5878F1D5}.Debug|Any CPU.ActiveCfg = Debug|Any CPU
		{72E39CF8-CBF3-4717-A2B5-268E5878F1D5}.Debug|Any CPU.Build.0 = Debug|Any CPU
		{72E39CF8-CBF3-4717-A2B5-268E5878F1D5}.Release|Any CPU.ActiveCfg = Release|Any CPU
		{72E39CF8-CBF3-4717-A2B5-268E5878F1D5}.Release|Any CPU.Build.0 = Release|Any CPU
	EndGlobalSection
	GlobalSection(SolutionProperties) = preSolution
		HideSolutionNode = FALSE
	EndGlobalSection
	GlobalSection(ExtensibilityGlobals) = postSolution
		SolutionGuid = {E8E7F16D-BB84-4EA8-BCB1-6C8A6B6ED10B}
	EndGlobalSection
EndGlobal
